{
  "name": "pidusage-tree",
  "version": "2.0.4",
  "lockfileVersion": 1,
  "requires": true,
  "dependencies": {
    "pidtree": {
      "version": "0.3.0",
      "resolved": "https://registry.npmjs.org/pidtree/-/pidtree-0.3.0.tgz",
      "integrity": "sha512-9CT4NFlDcosssyg8KVFltgokyKZIFjoBxw8CTGy+5F38Y1eQWrt8tRayiUOXE+zVKQnYu5BR8JjCtvK3BcnBhg=="
    },
    "pidusage": {
      "version": "2.0.16",
      "resolved": "https://registry.npmjs.org/pidusage/-/pidusage-2.0.16.tgz",
      "integrity": "sha512-9dhSBxpGvvpyycCukU8CqTqJ+YT8aVZ/AI1/hGWhU5nAAOs0zYBYMyIYBU/grKeCYuTS26TVllIRvf5vAfsgvw==",
      "requires": {
        "safe-buffer": "^5.1.2"
      }
    },
    "safe-buffer": {
      "version": "5.1.2",
      "resolved": "https://registry.npmjs.org/safe-buffer/-/safe-buffer-5.1.2.tgz",
      "integrity": "sha512-Gd2UZBJDkXlY7GbJxfsE8/nvKkUEU1G38c1siN6QP6a9PT9MmHB8GnpscSmMJSoF8LOIrt8ud/wPtojys4G6+g=="
    }
  }
}
